
Microsoft Visual Studio Solution File, Format Version 12.00
# Visual Studio 15
VisualStudioVersion = 15.0.27428.2043
MinimumVisualStudioVersion = 10.0.40219.1
Project("{DA7A21FA-8162-4350-AD77-A8D1B671F3ED}") = "PowerAnalysis", "PowerAnalysis\PowerAnalysis.rxproj", "{7F71BFD4-40C1-4E8F-95D9-ADB19A1A04AF}"
EndProject
Global
	GlobalSection(SolutionConfigurationPlatforms) = preSolution
		Debug|Any CPU = Debug|Any CPU
		Release|Any CPU = Release|Any CPU
	EndGlobalSection
	GlobalSection(ProjectConfigurationPlatforms) = postSolution
		{7F71BFD4-40C1-4E8F-95D9-ADB19A1A04AF}.Debug|Any CPU.ActiveCfg = Debug|Any CPU
		{7F71BFD4-40C1-4E8F-95D9-ADB19A1A04AF}.Debug|Any CPU.Build.0 = Debug|Any CPU
		{7F71BFD4-40C1-4E8F-95D9-ADB19A1A04AF}.Release|Any CPU.ActiveCfg = Release|Any CPU
		{7F71BFD4-40C1-4E8F-95D9-ADB19A1A04AF}.Release|Any CPU.Build.0 = Release|Any CPU
	EndGlobalSection
	GlobalSection(SolutionProperties) = preSolution
		HideSolutionNode = FALSE
	EndGlobalSection
	GlobalSection(ExtensibilityGlobals) = postSolution
		SolutionGuid = {DEDC1E9C-DB56-48B8-A26A-26E475856990}
	EndGlobalSection
EndGlobal
