
Microsoft Visual Studio Solution File, Format Version 12.00
# Visual Studio 15
VisualStudioVersion = 15.0.27428.2037
MinimumVisualStudioVersion = 10.0.40219.1
Project("{DA7A21FA-8162-4350-AD77-A8D1B671F3ED}") = "WebScrapping", "WebScrapping.rxproj", "{F69DD672-93F6-40B7-B703-EE7532954F4E}"
EndProject
Global
	GlobalSection(SolutionConfigurationPlatforms) = preSolution
		Debug|Any CPU = Debug|Any CPU
		Release|Any CPU = Release|Any CPU
	EndGlobalSection
	GlobalSection(ProjectConfigurationPlatforms) = postSolution
		{F69DD672-93F6-40B7-B703-EE7532954F4E}.Debug|Any CPU.ActiveCfg = Debug|Any CPU
		{F69DD672-93F6-40B7-B703-EE7532954F4E}.Debug|Any CPU.Build.0 = Debug|Any CPU
		{F69DD672-93F6-40B7-B703-EE7532954F4E}.Release|Any CPU.ActiveCfg = Release|Any CPU
		{F69DD672-93F6-40B7-B703-EE7532954F4E}.Release|Any CPU.Build.0 = Release|Any CPU
	EndGlobalSection
	GlobalSection(SolutionProperties) = preSolution
		HideSolutionNode = FALSE
	EndGlobalSection
	GlobalSection(ExtensibilityGlobals) = postSolution
		SolutionGuid = {F9B416D8-8981-499C-B845-A3434D58AF37}
	EndGlobalSection
EndGlobal
